{
  "nodes": {
    "nixpkgs": {
      "locked": {
        "lastModified": 1717411987,
        "narHash": "sha256-bW94g+V6EBa1OUtjLfpF4isWDyBeVdYkEkogF2iu5rg=",
        "owner": "NixOS",
        "repo": "nixpkgs",
        "rev": "5a64d9a24256a28a9d6b4639845217b635fd21c2",
        "type": "github"
      },
      "original": {
        "owner": "NixOS",
        "repo": "nixpkgs",
        "type": "github"
      }
    },
    "root": {
      "inputs": {
        "nixpkgs": "nixpkgs"
      }
    }
  },
  "root": "root",
  "version": 7
}
